
Microsoft Visual Studio Solution File, Format Version 12.00
# Visual Studio Version 17
VisualStudioVersion = 17.0.31903.59
MinimumVisualStudioVersion = 10.0.40219.1
Project("{2150E333-8FDC-42A3-9474-1A3956D46DE8}") = "Services", "Services", "{6C8F73CF-1D7C-4A92-AFB6-1535C2739B37}"
EndProject
Project("{2150E333-8FDC-42A3-9474-1A3956D46DE8}") = "Catalog", "Catalog", "{8108160F-D699-48A8-9A40-0B8E77C87781}"
EndProject
Project("{FAE04EC0-301F-11D3-BF4B-00C04F79EFBC}") = "Catalog.Api", "Services\Catalog\Catalog.Api\Catalog.Api.csproj", "{50D3EAE8-ECC5-4235-A7DB-A1E986A92BEE}"
EndProject
Project("{2150E333-8FDC-42A3-9474-1A3956D46DE8}") = "BuildingBlocks", "BuildingBlocks", "{6A1B3B35-77AB-4B3D-8927-B1005B89D30A}"
EndProject
Project("{FAE04EC0-301F-11D3-BF4B-00C04F79EFBC}") = "BuildingBlocks", "BuildingBlocks\BuildingBlocks\BuildingBlocks.csproj", "{6CBF0773-8340-43F2-BFC6-22ECE141CACA}"
EndProject
Project("{2150E333-8FDC-42A3-9474-1A3956D46DE8}") = "Basket", "Basket", "{897A065F-C074-4581-995B-67EDAD103002}"
EndProject
Project("{FAE04EC0-301F-11D3-BF4B-00C04F79EFBC}") = "Basket.Api", "Services\Basket\Basket.Api\Basket.Api.csproj", "{129C24D3-1100-4EA1-BE98-36759CE1363C}"
EndProject
Project("{2150E333-8FDC-42A3-9474-1A3956D46DE8}") = "Discount", "Discount", "{EB0851A4-8F12-493F-AFB1-17053869E0F0}"
EndProject
Project("{FAE04EC0-301F-11D3-BF4B-00C04F79EFBC}") = "Discount.Grpc", "Services\Discount\Discount.Grpc\Discount.Grpc.csproj", "{75A7519E-5760-475A-AA2C-56995D8FE0CB}"
EndProject
Project("{2150E333-8FDC-42A3-9474-1A3956D46DE8}") = "Ordering", "Ordering", "{2F00BCF2-E21B-4843-80E4-201E1BF866BA}"
EndProject
Project("{FAE04EC0-301F-11D3-BF4B-00C04F79EFBC}") = "Ordering.Api", "Services\Ordering\Ordering.Api\Ordering.Api.csproj", "{04D58114-325D-4DB3-870F-DE2E4E06EF21}"
EndProject
Project("{FAE04EC0-301F-11D3-BF4B-00C04F79EFBC}") = "Ordering.Domain", "Services\Ordering\Ordering.Domain\Ordering.Domain.csproj", "{6CC3D4E2-EF4E-4285-BA83-F57C93400BDA}"
EndProject
Project("{FAE04EC0-301F-11D3-BF4B-00C04F79EFBC}") = "Ordering.Application", "Services\Ordering\Ordering.Application\Ordering.Application.csproj", "{000CA169-7C68-4B6F-AA51-4B481C6F51E7}"
EndProject
Project("{FAE04EC0-301F-11D3-BF4B-00C04F79EFBC}") = "Ordering.Infrastructure", "Services\Ordering\Ordering.Infrastructure\Ordering.Infrastructure.csproj", "{59E1EAF3-F7C4-4C8A-97A6-D0693B39F657}"
EndProject
Project("{FAE04EC0-301F-11D3-BF4B-00C04F79EFBC}") = "BuildingBlocks.Messaging", "BuildingBlocks\BuildingBlocks.Messaging\BuildingBlocks.Messaging.csproj", "{D945FB72-F521-4FD7-9093-50B395EC11BC}"
EndProject
Project("{2150E333-8FDC-42A3-9474-1A3956D46DE8}") = "ApiGateways", "ApiGateways", "{DC12C786-EBDF-4701-A097-44B3B738D21C}"
EndProject
Project("{FAE04EC0-301F-11D3-BF4B-00C04F79EFBC}") = "YarpApiGateway", "ApiGateways\YarpApiGateway\YarpApiGateway.csproj", "{319B2088-618A-4C33-83E5-42CEA0599560}"
EndProject
Project("{2150E333-8FDC-42A3-9474-1A3956D46DE8}") = "WebApps", "WebApps", "{3897B988-B08B-41CF-8BBE-0214A7EC5EB2}"
EndProject
Project("{FAE04EC0-301F-11D3-BF4B-00C04F79EFBC}") = "Shopping.Web", "WebApps\Shopping.Web\Shopping.Web.csproj", "{F0FA55EF-5EC7-4C74-995F-944CE8921543}"
EndProject
Global
	GlobalSection(SolutionConfigurationPlatforms) = preSolution
		Debug|Any CPU = Debug|Any CPU
		Release|Any CPU = Release|Any CPU
	EndGlobalSection
	GlobalSection(SolutionProperties) = preSolution
		HideSolutionNode = FALSE
	EndGlobalSection
	GlobalSection(ProjectConfigurationPlatforms) = postSolution
		{50D3EAE8-ECC5-4235-A7DB-A1E986A92BEE}.Debug|Any CPU.ActiveCfg = Debug|Any CPU
		{50D3EAE8-ECC5-4235-A7DB-A1E986A92BEE}.Debug|Any CPU.Build.0 = Debug|Any CPU
		{50D3EAE8-ECC5-4235-A7DB-A1E986A92BEE}.Release|Any CPU.ActiveCfg = Release|Any CPU
		{50D3EAE8-ECC5-4235-A7DB-A1E986A92BEE}.Release|Any CPU.Build.0 = Release|Any CPU
		{6CBF0773-8340-43F2-BFC6-22ECE141CACA}.Debug|Any CPU.ActiveCfg = Debug|Any CPU
		{6CBF0773-8340-43F2-BFC6-22ECE141CACA}.Debug|Any CPU.Build.0 = Debug|Any CPU
		{6CBF0773-8340-43F2-BFC6-22ECE141CACA}.Release|Any CPU.ActiveCfg = Release|Any CPU
		{6CBF0773-8340-43F2-BFC6-22ECE141CACA}.Release|Any CPU.Build.0 = Release|Any CPU
		{129C24D3-1100-4EA1-BE98-36759CE1363C}.Debug|Any CPU.ActiveCfg = Debug|Any CPU
		{129C24D3-1100-4EA1-BE98-36759CE1363C}.Debug|Any CPU.Build.0 = Debug|Any CPU
		{129C24D3-1100-4EA1-BE98-36759CE1363C}.Release|Any CPU.ActiveCfg = Release|Any CPU
		{129C24D3-1100-4EA1-BE98-36759CE1363C}.Release|Any CPU.Build.0 = Release|Any CPU
		{75A7519E-5760-475A-AA2C-56995D8FE0CB}.Debug|Any CPU.ActiveCfg = Debug|Any CPU
		{75A7519E-5760-475A-AA2C-56995D8FE0CB}.Debug|Any CPU.Build.0 = Debug|Any CPU
		{75A7519E-5760-475A-AA2C-56995D8FE0CB}.Release|Any CPU.ActiveCfg = Release|Any CPU
		{75A7519E-5760-475A-AA2C-56995D8FE0CB}.Release|Any CPU.Build.0 = Release|Any CPU
		{04D58114-325D-4DB3-870F-DE2E4E06EF21}.Debug|Any CPU.ActiveCfg = Debug|Any CPU
		{04D58114-325D-4DB3-870F-DE2E4E06EF21}.Debug|Any CPU.Build.0 = Debug|Any CPU
		{04D58114-325D-4DB3-870F-DE2E4E06EF21}.Release|Any CPU.ActiveCfg = Release|Any CPU
		{04D58114-325D-4DB3-870F-DE2E4E06EF21}.Release|Any CPU.Build.0 = Release|Any CPU
		{6CC3D4E2-EF4E-4285-BA83-F57C93400BDA}.Debug|Any CPU.ActiveCfg = Debug|Any CPU
		{6CC3D4E2-EF4E-4285-BA83-F57C93400BDA}.Debug|Any CPU.Build.0 = Debug|Any CPU
		{6CC3D4E2-EF4E-4285-BA83-F57C93400BDA}.Release|Any CPU.ActiveCfg = Release|Any CPU
		{6CC3D4E2-EF4E-4285-BA83-F57C93400BDA}.Release|Any CPU.Build.0 = Release|Any CPU
		{000CA169-7C68-4B6F-AA51-4B481C6F51E7}.Debug|Any CPU.ActiveCfg = Debug|Any CPU
		{000CA169-7C68-4B6F-AA51-4B481C6F51E7}.Debug|Any CPU.Build.0 = Debug|Any CPU
		{000CA169-7C68-4B6F-AA51-4B481C6F51E7}.Release|Any CPU.ActiveCfg = Release|Any CPU
		{000CA169-7C68-4B6F-AA51-4B481C6F51E7}.Release|Any CPU.Build.0 = Release|Any CPU
		{59E1EAF3-F7C4-4C8A-97A6-D0693B39F657}.Debug|Any CPU.ActiveCfg = Debug|Any CPU
		{59E1EAF3-F7C4-4C8A-97A6-D0693B39F657}.Debug|Any CPU.Build.0 = Debug|Any CPU
		{59E1EAF3-F7C4-4C8A-97A6-D0693B39F657}.Release|Any CPU.ActiveCfg = Release|Any CPU
		{59E1EAF3-F7C4-4C8A-97A6-D0693B39F657}.Release|Any CPU.Build.0 = Release|Any CPU
		{D945FB72-F521-4FD7-9093-50B395EC11BC}.Debug|Any CPU.ActiveCfg = Debug|Any CPU
		{D945FB72-F521-4FD7-9093-50B395EC11BC}.Debug|Any CPU.Build.0 = Debug|Any CPU
		{D945FB72-F521-4FD7-9093-50B395EC11BC}.Release|Any CPU.ActiveCfg = Release|Any CPU
		{D945FB72-F521-4FD7-9093-50B395EC11BC}.Release|Any CPU.Build.0 = Release|Any CPU
		{319B2088-618A-4C33-83E5-42CEA0599560}.Debug|Any CPU.ActiveCfg = Debug|Any CPU
		{319B2088-618A-4C33-83E5-42CEA0599560}.Debug|Any CPU.Build.0 = Debug|Any CPU
		{319B2088-618A-4C33-83E5-42CEA0599560}.Release|Any CPU.ActiveCfg = Release|Any CPU
		{319B2088-618A-4C33-83E5-42CEA0599560}.Release|Any CPU.Build.0 = Release|Any CPU
		{F0FA55EF-5EC7-4C74-995F-944CE8921543}.Debug|Any CPU.ActiveCfg = Debug|Any CPU
		{F0FA55EF-5EC7-4C74-995F-944CE8921543}.Debug|Any CPU.Build.0 = Debug|Any CPU
		{F0FA55EF-5EC7-4C74-995F-944CE8921543}.Release|Any CPU.ActiveCfg = Release|Any CPU
		{F0FA55EF-5EC7-4C74-995F-944CE8921543}.Release|Any CPU.Build.0 = Release|Any CPU
	EndGlobalSection
	GlobalSection(NestedProjects) = preSolution
		{8108160F-D699-48A8-9A40-0B8E77C87781} = {6C8F73CF-1D7C-4A92-AFB6-1535C2739B37}
		{50D3EAE8-ECC5-4235-A7DB-A1E986A92BEE} = {8108160F-D699-48A8-9A40-0B8E77C87781}
		{6CBF0773-8340-43F2-BFC6-22ECE141CACA} = {6A1B3B35-77AB-4B3D-8927-B1005B89D30A}
		{897A065F-C074-4581-995B-67EDAD103002} = {6C8F73CF-1D7C-4A92-AFB6-1535C2739B37}
		{129C24D3-1100-4EA1-BE98-36759CE1363C} = {897A065F-C074-4581-995B-67EDAD103002}
		{EB0851A4-8F12-493F-AFB1-17053869E0F0} = {6C8F73CF-1D7C-4A92-AFB6-1535C2739B37}
		{75A7519E-5760-475A-AA2C-56995D8FE0CB} = {EB0851A4-8F12-493F-AFB1-17053869E0F0}
		{2F00BCF2-E21B-4843-80E4-201E1BF866BA} = {6C8F73CF-1D7C-4A92-AFB6-1535C2739B37}
		{04D58114-325D-4DB3-870F-DE2E4E06EF21} = {2F00BCF2-E21B-4843-80E4-201E1BF866BA}
		{6CC3D4E2-EF4E-4285-BA83-F57C93400BDA} = {2F00BCF2-E21B-4843-80E4-201E1BF866BA}
		{000CA169-7C68-4B6F-AA51-4B481C6F51E7} = {2F00BCF2-E21B-4843-80E4-201E1BF866BA}
		{59E1EAF3-F7C4-4C8A-97A6-D0693B39F657} = {2F00BCF2-E21B-4843-80E4-201E1BF866BA}
		{D945FB72-F521-4FD7-9093-50B395EC11BC} = {6A1B3B35-77AB-4B3D-8927-B1005B89D30A}
		{319B2088-618A-4C33-83E5-42CEA0599560} = {DC12C786-EBDF-4701-A097-44B3B738D21C}
		{F0FA55EF-5EC7-4C74-995F-944CE8921543} = {3897B988-B08B-41CF-8BBE-0214A7EC5EB2}
	EndGlobalSection
EndGlobal
